
Microsoft Visual Studio Solution File, Format Version 12.00
# Visual Studio 2012
Project("{FAE04EC0-301F-11D3-BF4B-00C04F79EFBC}") = "Aspiring", "Aspiring\Aspiring.csproj", "{D103051B-F41B-414E-A8CB-48345C034503}"
EndProject
Project("{FAE04EC0-301F-11D3-BF4B-00C04F79EFBC}") = "AspiringTests", "AspiringTest\AspiringTests.csproj", "{DE4DA7F8-AC80-4549-80F2-0CBF7CA8017B}"
EndProject
Project("{FAE04EC0-301F-11D3-BF4B-00C04F79EFBC}") = "AspiringIntegrations", "AspiringIntegrations\AspiringIntegrations.csproj", "{27824CFA-4CA0-4981-874B-7B0544E37A8A}"
EndProject
Project("{FAE04EC0-301F-11D3-BF4B-00C04F79EFBC}") = "AspiringImplementation", "AspiringImplementation\AspiringImplementation.csproj", "{D8678E8A-54A0-4DAA-93FA-B17EB4C1E8B8}"
EndProject
Project("{FAE04EC0-301F-11D3-BF4B-00C04F79EFBC}") = "AspiringVisual", "AspiringVisual\AspiringVisual.csproj", "{BC50150E-5B3F-4455-A8B1-885545EBF1E0}"
EndProject
Project("{2150E333-8FDC-42A3-9474-1A3956D46DE8}") = "Solution Items", "Solution Items", "{B5C19B72-5046-4C0E-9FC8-DC8D32D65098}"
EndProject
Global
	GlobalSection(SolutionConfigurationPlatforms) = preSolution
		Debug|Any CPU = Debug|Any CPU
		Release|Any CPU = Release|Any CPU
	EndGlobalSection
	GlobalSection(ProjectConfigurationPlatforms) = postSolution
		{D103051B-F41B-414E-A8CB-48345C034503}.Debug|Any CPU.ActiveCfg = Debug|Any CPU
		{D103051B-F41B-414E-A8CB-48345C034503}.Debug|Any CPU.Build.0 = Debug|Any CPU
		{D103051B-F41B-414E-A8CB-48345C034503}.Release|Any CPU.ActiveCfg = Release|Any CPU
		{D103051B-F41B-414E-A8CB-48345C034503}.Release|Any CPU.Build.0 = Release|Any CPU
		{DE4DA7F8-AC80-4549-80F2-0CBF7CA8017B}.Debug|Any CPU.ActiveCfg = Debug|Any CPU
		{DE4DA7F8-AC80-4549-80F2-0CBF7CA8017B}.Debug|Any CPU.Build.0 = Debug|Any CPU
		{DE4DA7F8-AC80-4549-80F2-0CBF7CA8017B}.Release|Any CPU.ActiveCfg = Release|Any CPU
		{DE4DA7F8-AC80-4549-80F2-0CBF7CA8017B}.Release|Any CPU.Build.0 = Release|Any CPU
		{27824CFA-4CA0-4981-874B-7B0544E37A8A}.Debug|Any CPU.ActiveCfg = Debug|Any CPU
		{27824CFA-4CA0-4981-874B-7B0544E37A8A}.Debug|Any CPU.Build.0 = Debug|Any CPU
		{27824CFA-4CA0-4981-874B-7B0544E37A8A}.Release|Any CPU.ActiveCfg = Release|Any CPU
		{27824CFA-4CA0-4981-874B-7B0544E37A8A}.Release|Any CPU.Build.0 = Release|Any CPU
		{D8678E8A-54A0-4DAA-93FA-B17EB4C1E8B8}.Debug|Any CPU.ActiveCfg = Debug|Any CPU
		{D8678E8A-54A0-4DAA-93FA-B17EB4C1E8B8}.Debug|Any CPU.Build.0 = Debug|Any CPU
		{D8678E8A-54A0-4DAA-93FA-B17EB4C1E8B8}.Release|Any CPU.ActiveCfg = Release|Any CPU
		{D8678E8A-54A0-4DAA-93FA-B17EB4C1E8B8}.Release|Any CPU.Build.0 = Release|Any CPU
		{BC50150E-5B3F-4455-A8B1-885545EBF1E0}.Debug|Any CPU.ActiveCfg = Debug|Any CPU
		{BC50150E-5B3F-4455-A8B1-885545EBF1E0}.Debug|Any CPU.Build.0 = Debug|Any CPU
		{BC50150E-5B3F-4455-A8B1-885545EBF1E0}.Release|Any CPU.ActiveCfg = Release|Any CPU
		{BC50150E-5B3F-4455-A8B1-885545EBF1E0}.Release|Any CPU.Build.0 = Release|Any CPU
	EndGlobalSection
	GlobalSection(SolutionProperties) = preSolution
		HideSolutionNode = FALSE
	EndGlobalSection
EndGlobal
